
Microsoft Visual Studio Solution File, Format Version 12.00
# Visual Studio Version 16
VisualStudioVersion = 16.0.30114.105
MinimumVisualStudioVersion = 10.0.40219.1
Project("{FAE04EC0-301F-11D3-BF4B-00C04F79EFBC}") = "Vlados 5", "Vlados 5\Vlados 5.csproj", "{6595EE15-EFD1-4116-AABC-E58493DA2AE4}"
EndProject
Global
	GlobalSection(SolutionConfigurationPlatforms) = preSolution
		Debug|Any CPU = Debug|Any CPU
		Release|Any CPU = Release|Any CPU
	EndGlobalSection
	GlobalSection(ProjectConfigurationPlatforms) = postSolution
		{6595EE15-EFD1-4116-AABC-E58493DA2AE4}.Debug|Any CPU.ActiveCfg = Debug|Any CPU
		{6595EE15-EFD1-4116-AABC-E58493DA2AE4}.Debug|Any CPU.Build.0 = Debug|Any CPU
		{6595EE15-EFD1-4116-AABC-E58493DA2AE4}.Release|Any CPU.ActiveCfg = Release|Any CPU
		{6595EE15-EFD1-4116-AABC-E58493DA2AE4}.Release|Any CPU.Build.0 = Release|Any CPU
	EndGlobalSection
	GlobalSection(SolutionProperties) = preSolution
		HideSolutionNode = FALSE
	EndGlobalSection
	GlobalSection(ExtensibilityGlobals) = postSolution
		SolutionGuid = {44AD378A-384B-40CF-AF66-76B8CA5DB4DE}
	EndGlobalSection
EndGlobal
